// !$*UTF8*$!
{
	archiveVersion = 1;
	classes = {
	};
	objectVersion = 50;
	objects = {

/* Begin PBXBuildFile section */
		0C04A87025ED221100C6E2A2 /* CSDonutView.swift in Sources */ = {isa = PBXBuildFile; fileRef = 0C04A86F25ED221100C6E2A2 /* CSDonutView.swift */; };
		0C04A87525ED259400C6E2A2 /* CSDetailsView.swift in Sources */ = {isa = PBXBuildFile; fileRef = 0C04A87425ED259400C6E2A2 /* CSDetailsView.swift */; };
		0C04A88525ED2C4D00C6E2A2 /* ScoreReportDataTest.swift in Sources */ = {isa = PBXBuildFile; fileRef = 0C04A88425ED2C4D00C6E2A2 /* ScoreReportDataTest.swift */; };
		0C04A88B25ED30DA00C6E2A2 /* score.json in Resources */ = {isa = PBXBuildFile; fileRef = 0C04A88A25ED30DA00C6E2A2 /* score.json */; };
		0C04A8B625ED470100C6E2A2 /* CSDonutProgressView.swift in Sources */ = {isa = PBXBuildFile; fileRef = 0C04A8B525ED470100C6E2A2 /* CSDonutProgressView.swift */; };
		0CDC984925EB0B8F00B4AAD6 /* AppDelegate.swift in Sources */ = {isa = PBXBuildFile; fileRef = 0CDC984825EB0B8F00B4AAD6 /* AppDelegate.swift */; };
		0CDC984D25EB0B8F00B4AAD6 /* CSDashboardView.swift in Sources */ = {isa = PBXBuildFile; fileRef = 0CDC984C25EB0B8F00B4AAD6 /* CSDashboardView.swift */; };
		0CDC984F25EB0B9100B4AAD6 /* Assets.xcassets in Resources */ = {isa = PBXBuildFile; fileRef = 0CDC984E25EB0B9100B4AAD6 /* Assets.xcassets */; };
		0CDC985225EB0B9100B4AAD6 /* Preview Assets.xcassets in Resources */ = {isa = PBXBuildFile; fileRef = 0CDC985125EB0B9100B4AAD6 /* Preview Assets.xcassets */; };
		0CDC985525EB0B9100B4AAD6 /* LaunchScreen.storyboard in Resources */ = {isa = PBXBuildFile; fileRef = 0CDC985325EB0B9100B4AAD6 /* LaunchScreen.storyboard */; };
		0CDC986025EB0B9100B4AAD6 /* ClearScoreTests.swift in Sources */ = {isa = PBXBuildFile; fileRef = 0CDC985F25EB0B9100B4AAD6 /* ClearScoreTests.swift */; };
		0CDC986B25EB0B9100B4AAD6 /* ClearScoreUITests.swift in Sources */ = {isa = PBXBuildFile; fileRef = 0CDC986A25EB0B9100B4AAD6 /* ClearScoreUITests.swift */; };
		0CDC988625EBD3AF00B4AAD6 /* CSViewModel.swift in Sources */ = {isa = PBXBuildFile; fileRef = 0CDC988525EBD3AF00B4AAD6 /* CSViewModel.swift */; };
		0CDC988E25EBD40500B4AAD6 /* NetworkManager.swift in Sources */ = {isa = PBXBuildFile; fileRef = 0CDC988D25EBD40500B4AAD6 /* NetworkManager.swift */; };
		0CDC989425EBD43000B4AAD6 /* CSConstant.swift in Sources */ = {isa = PBXBuildFile; fileRef = 0CDC989325EBD43000B4AAD6 /* CSConstant.swift */; };
		0CDC98A225EBD48500B4AAD6 /* EndpointType.swift in Sources */ = {isa = PBXBuildFile; fileRef = 0CDC989F25EBD48500B4AAD6 /* EndpointType.swift */; };
		0CDC98A325EBD48500B4AAD6 /* CreditScoreAPI.swift in Sources */ = {isa = PBXBuildFile; fileRef = 0CDC98A025EBD48500B4AAD6 /* CreditScoreAPI.swift */; };
		0CDC98AA25EBD4A000B4AAD6 /* ResponseDecoder.swift in Sources */ = {isa = PBXBuildFile; fileRef = 0CDC98A925EBD4A000B4AAD6 /* ResponseDecoder.swift */; };
		0CDC98B025EBD58800B4AAD6 /* CSReport.swift in Sources */ = {isa = PBXBuildFile; fileRef = 0CDC98AF25EBD58800B4AAD6 /* CSReport.swift */; };
		0CDC98BB25EBD81000B4AAD6 /* CSTypes.swift in Sources */ = {isa = PBXBuildFile; fileRef = 0CDC98BA25EBD81000B4AAD6 /* CSTypes.swift */; };
		0CDC98CC25EBFC0000B4AAD6 /* SceneDelegate.swift in Sources */ = {isa = PBXBuildFile; fileRef = 0CDC98CB25EBFC0000B4AAD6 /* SceneDelegate.swift */; };
/* End PBXBuildFile section */

/* Begin PBXContainerItemProxy section */
		0CDC985C25EB0B9100B4AAD6 /* PBXContainerItemProxy */ = {
			isa = PBXContainerItemProxy;
			containerPortal = 0CDC983D25EB0B8F00B4AAD6 /* Project object */;
			proxyType = 1;
			remoteGlobalIDString = 0CDC984425EB0B8F00B4AAD6;
			remoteInfo = ClearScore;
		};
		0CDC986725EB0B9100B4AAD6 /* PBXContainerItemProxy */ = {
			isa = PBXContainerItemProxy;
			containerPortal = 0CDC983D25EB0B8F00B4AAD6 /* Project object */;
			proxyType = 1;
			remoteGlobalIDString = 0CDC984425EB0B8F00B4AAD6;
			remoteInfo = ClearScore;
		};
/* End PBXContainerItemProxy section */

/* Begin PBXFileReference section */
		0C04A86F25ED221100C6E2A2 /* CSDonutView.swift */ = {isa = PBXFileReference; lastKnownFileType = sourcecode.swift; path = CSDonutView.swift; sourceTree = "<group>"; };
		0C04A87425ED259400C6E2A2 /* CSDetailsView.swift */ = {isa = PBXFileReference; lastKnownFileType = sourcecode.swift; path = CSDetailsView.swift; sourceTree = "<group>"; };
		0C04A88425ED2C4D00C6E2A2 /* ScoreReportDataTest.swift */ = {isa = PBXFileReference; lastKnownFileType = sourcecode.swift; path = ScoreReportDataTest.swift; sourceTree = "<group>"; };
		0C04A88A25ED30DA00C6E2A2 /* score.json */ = {isa = PBXFileReference; lastKnownFileType = text.json; path = score.json; sourceTree = "<group>"; };
		0C04A8B525ED470100C6E2A2 /* CSDonutProgressView.swift */ = {isa = PBXFileReference; lastKnownFileType = sourcecode.swift; path = CSDonutProgressView.swift; sourceTree = "<group>"; };
		0CDC984525EB0B8F00B4AAD6 /* ClearScore.app */ = {isa = PBXFileReference; explicitFileType = wrapper.application; includeInIndex = 0; path = ClearScore.app; sourceTree = BUILT_PRODUCTS_DIR; };
		0CDC984825EB0B8F00B4AAD6 /* AppDelegate.swift */ = {isa = PBXFileReference; lastKnownFileType = sourcecode.swift; path = AppDelegate.swift; sourceTree = "<group>"; };
		0CDC984C25EB0B8F00B4AAD6 /* CSDashboardView.swift */ = {isa = PBXFileReference; lastKnownFileType = sourcecode.swift; path = CSDashboardView.swift; sourceTree = "<group>"; };
		0CDC984E25EB0B9100B4AAD6 /* Assets.xcassets */ = {isa = PBXFileReference; lastKnownFileType = folder.assetcatalog; path = Assets.xcassets; sourceTree = "<group>"; };
		0CDC985125EB0B9100B4AAD6 /* Preview Assets.xcassets */ = {isa = PBXFileReference; lastKnownFileType = folder.assetcatalog; path = "Preview Assets.xcassets"; sourceTree = "<group>"; };
		0CDC985425EB0B9100B4AAD6 /* Base */ = {isa = PBXFileReference; lastKnownFileType = file.storyboard; name = Base; path = Base.lproj/LaunchScreen.storyboard; sourceTree = "<group>"; };
		0CDC985625EB0B9100B4AAD6 /* Info.plist */ = {isa = PBXFileReference; lastKnownFileType = text.plist.xml; path = Info.plist; sourceTree = "<group>"; };
		0CDC985B25EB0B9100B4AAD6 /* ClearScoreTests.xctest */ = {isa = PBXFileReference; explicitFileType = wrapper.cfbundle; includeInIndex = 0; path = ClearScoreTests.xctest; sourceTree = BUILT_PRODUCTS_DIR; };
		0CDC985F25EB0B9100B4AAD6 /* ClearScoreTests.swift */ = {isa = PBXFileReference; lastKnownFileType = sourcecode.swift; path = ClearScoreTests.swift; sourceTree = "<group>"; };
		0CDC986125EB0B9100B4AAD6 /* Info.plist */ = {isa = PBXFileReference; lastKnownFileType = text.plist.xml; path = Info.plist; sourceTree = "<group>"; };
		0CDC986625EB0B9100B4AAD6 /* ClearScoreUITests.xctest */ = {isa = PBXFileReference; explicitFileType = wrapper.cfbundle; includeInIndex = 0; path = ClearScoreUITests.xctest; sourceTree = BUILT_PRODUCTS_DIR; };
		0CDC986A25EB0B9100B4AAD6 /* ClearScoreUITests.swift */ = {isa = PBXFileReference; lastKnownFileType = sourcecode.swift; path = ClearScoreUITests.swift; sourceTree = "<group>"; };
		0CDC986C25EB0B9100B4AAD6 /* Info.plist */ = {isa = PBXFileReference; lastKnownFileType = text.plist.xml; path = Info.plist; sourceTree = "<group>"; };
		0CDC988525EBD3AF00B4AAD6 /* CSViewModel.swift */ = {isa = PBXFileReference; lastKnownFileType = sourcecode.swift; path = CSViewModel.swift; sourceTree = "<group>"; };
		0CDC988D25EBD40500B4AAD6 /* NetworkManager.swift */ = {isa = PBXFileReference; fileEncoding = 4; lastKnownFileType = sourcecode.swift; path = NetworkManager.swift; sourceTree = "<group>"; };
		0CDC989325EBD43000B4AAD6 /* CSConstant.swift */ = {isa = PBXFileReference; lastKnownFileType = sourcecode.swift; path = CSConstant.swift; sourceTree = "<group>"; };
		0CDC989F25EBD48500B4AAD6 /* EndpointType.swift */ = {isa = PBXFileReference; fileEncoding = 4; lastKnownFileType = sourcecode.swift; path = EndpointType.swift; sourceTree = "<group>"; };
		0CDC98A025EBD48500B4AAD6 /* CreditScoreAPI.swift */ = {isa = PBXFileReference; fileEncoding = 4; lastKnownFileType = sourcecode.swift; path = CreditScoreAPI.swift; sourceTree = "<group>"; };
		0CDC98A925EBD4A000B4AAD6 /* ResponseDecoder.swift */ = {isa = PBXFileReference; fileEncoding = 4; lastKnownFileType = sourcecode.swift; path = ResponseDecoder.swift; sourceTree = "<group>"; };
		0CDC98AF25EBD58800B4AAD6 /* CSReport.swift */ = {isa = PBXFileReference; lastKnownFileType = sourcecode.swift; path = CSReport.swift; sourceTree = "<group>"; };
		0CDC98BA25EBD81000B4AAD6 /* CSTypes.swift */ = {isa = PBXFileReference; lastKnownFileType = sourcecode.swift; path = CSTypes.swift; sourceTree = "<group>"; };
		0CDC98CB25EBFC0000B4AAD6 /* SceneDelegate.swift */ = {isa = PBXFileReference; fileEncoding = 4; lastKnownFileType = sourcecode.swift; path = SceneDelegate.swift; sourceTree = "<group>"; };
/* End PBXFileReference section */

/* Begin PBXFrameworksBuildPhase section */
		0CDC984225EB0B8F00B4AAD6 /* Frameworks */ = {
			isa = PBXFrameworksBuildPhase;
			buildActionMask = 2147483647;
			files = (
			);
			runOnlyForDeploymentPostprocessing = 0;
		};
		0CDC985825EB0B9100B4AAD6 /* Frameworks */ = {
			isa = PBXFrameworksBuildPhase;
			buildActionMask = 2147483647;
			files = (
			);
			runOnlyForDeploymentPostprocessing = 0;
		};
		0CDC986325EB0B9100B4AAD6 /* Frameworks */ = {
			isa = PBXFrameworksBuildPhase;
			buildActionMask = 2147483647;
			files = (
			);
			runOnlyForDeploymentPostprocessing = 0;
		};
/* End PBXFrameworksBuildPhase section */

/* Begin PBXGroup section */
		0C04A88925ED308200C6E2A2 /* TestAssets */ = {
			isa = PBXGroup;
			children = (
				0C04A88A25ED30DA00C6E2A2 /* score.json */,
			);
			path = TestAssets;
			sourceTree = "<group>";
		};
		0CDC983C25EB0B8F00B4AAD6 = {
			isa = PBXGroup;
			children = (
				0CDC984725EB0B8F00B4AAD6 /* ClearScore */,
				0CDC985E25EB0B9100B4AAD6 /* ClearScoreTests */,
				0CDC986925EB0B9100B4AAD6 /* ClearScoreUITests */,
				0CDC984625EB0B8F00B4AAD6 /* Products */,
			);
			sourceTree = "<group>";
		};
		0CDC984625EB0B8F00B4AAD6 /* Products */ = {
			isa = PBXGroup;
			children = (
				0CDC984525EB0B8F00B4AAD6 /* ClearScore.app */,
				0CDC985B25EB0B9100B4AAD6 /* ClearScoreTests.xctest */,
				0CDC986625EB0B9100B4AAD6 /* ClearScoreUITests.xctest */,
			);
			name = Products;
			sourceTree = "<group>";
		};
		0CDC984725EB0B8F00B4AAD6 /* ClearScore */ = {
			isa = PBXGroup;
			children = (
				0CDC98AE25EBD4AA00B4AAD6 /* View */,
				0CDC98A825EBD49300B4AAD6 /* Model */,
				0CDC988425EBD36100B4AAD6 /* ViewModel */,
				0CDC988325EBD34700B4AAD6 /* Networking */,
				0CDC989225EBD41600B4AAD6 /* Utility */,
				0CDC984825EB0B8F00B4AAD6 /* AppDelegate.swift */,
				0CDC98CB25EBFC0000B4AAD6 /* SceneDelegate.swift */,
				0CDC984E25EB0B9100B4AAD6 /* Assets.xcassets */,
				0CDC985325EB0B9100B4AAD6 /* LaunchScreen.storyboard */,
				0CDC985625EB0B9100B4AAD6 /* Info.plist */,
				0CDC985025EB0B9100B4AAD6 /* Preview Content */,
			);
			path = ClearScore;
			sourceTree = "<group>";
		};
		0CDC985025EB0B9100B4AAD6 /* Preview Content */ = {
			isa = PBXGroup;
			children = (
				0CDC985125EB0B9100B4AAD6 /* Preview Assets.xcassets */,
			);
			path = "Preview Content";
			sourceTree = "<group>";
		};
		0CDC985E25EB0B9100B4AAD6 /* ClearScoreTests */ = {
			isa = PBXGroup;
			children = (
				0C04A88925ED308200C6E2A2 /* TestAssets */,
				0CDC985F25EB0B9100B4AAD6 /* ClearScoreTests.swift */,
				0CDC986125EB0B9100B4AAD6 /* Info.plist */,
				0C04A88425ED2C4D00C6E2A2 /* ScoreReportDataTest.swift */,
			);
			path = ClearScoreTests;
			sourceTree = "<group>";
		};
		0CDC986925EB0B9100B4AAD6 /* ClearScoreUITests */ = {
			isa = PBXGroup;
			children = (
				0CDC986A25EB0B9100B4AAD6 /* ClearScoreUITests.swift */,
				0CDC986C25EB0B9100B4AAD6 /* Info.plist */,
			);
			path = ClearScoreUITests;
			sourceTree = "<group>";
		};
		0CDC988325EBD34700B4AAD6 /* Networking */ = {
			isa = PBXGroup;
			children = (
				0CDC98A925EBD4A000B4AAD6 /* ResponseDecoder.swift */,
				0CDC989F25EBD48500B4AAD6 /* EndpointType.swift */,
				0CDC98A025EBD48500B4AAD6 /* CreditScoreAPI.swift */,
				0CDC988D25EBD40500B4AAD6 /* NetworkManager.swift */,
			);
			path = Networking;
			sourceTree = "<group>";
		};
		0CDC988425EBD36100B4AAD6 /* ViewModel */ = {
			isa = PBXGroup;
			children = (
				0CDC988525EBD3AF00B4AAD6 /* CSViewModel.swift */,
			);
			path = ViewModel;
			sourceTree = "<group>";
		};
		0CDC989225EBD41600B4AAD6 /* Utility */ = {
			isa = PBXGroup;
			children = (
				0CDC989325EBD43000B4AAD6 /* CSConstant.swift */,
				0CDC98BA25EBD81000B4AAD6 /* CSTypes.swift */,
			);
			path = Utility;
			sourceTree = "<group>";
		};
		0CDC98A825EBD49300B4AAD6 /* Model */ = {
			isa = PBXGroup;
			children = (
				0CDC98AF25EBD58800B4AAD6 /* CSReport.swift */,
			);
			path = Model;
			sourceTree = "<group>";
		};
		0CDC98AE25EBD4AA00B4AAD6 /* View */ = {
			isa = PBXGroup;
			children = (
				0CDC984C25EB0B8F00B4AAD6 /* CSDashboardView.swift */,
				0C04A86F25ED221100C6E2A2 /* CSDonutView.swift */,
				0C04A87425ED259400C6E2A2 /* CSDetailsView.swift */,
				0C04A8B525ED470100C6E2A2 /* CSDonutProgressView.swift */,
			);
			path = View;
			sourceTree = "<group>";
		};
/* End PBXGroup section */

/* Begin PBXNativeTarget section */
		0CDC984425EB0B8F00B4AAD6 /* ClearScore */ = {
			isa = PBXNativeTarget;
			buildConfigurationList = 0CDC986F25EB0B9100B4AAD6 /* Build configuration list for PBXNativeTarget "ClearScore" */;
			buildPhases = (
				0CDC984125EB0B8F00B4AAD6 /* Sources */,
				0CDC984225EB0B8F00B4AAD6 /* Frameworks */,
				0CDC984325EB0B8F00B4AAD6 /* Resources */,
			);
			buildRules = (
			);
			dependencies = (
			);
			name = ClearScore;
			productName = ClearScore;
			productReference = 0CDC984525EB0B8F00B4AAD6 /* ClearScore.app */;
			productType = "com.apple.product-type.application";
		};
		0CDC985A25EB0B9100B4AAD6 /* ClearScoreTests */ = {
			isa = PBXNativeTarget;
			buildConfigurationList = 0CDC987225EB0B9100B4AAD6 /* Build configuration list for PBXNativeTarget "ClearScoreTests" */;
			buildPhases = (
				0CDC985725EB0B9100B4AAD6 /* Sources */,
				0CDC985825EB0B9100B4AAD6 /* Frameworks */,
				0CDC985925EB0B9100B4AAD6 /* Resources */,
			);
			buildRules = (
			);
			dependencies = (
				0CDC985D25EB0B9100B4AAD6 /* PBXTargetDependency */,
			);
			name = ClearScoreTests;
			productName = ClearScoreTests;
			productReference = 0CDC985B25EB0B9100B4AAD6 /* ClearScoreTests.xctest */;
			productType = "com.apple.product-type.bundle.unit-test";
		};
		0CDC986525EB0B9100B4AAD6 /* ClearScoreUITests */ = {
			isa = PBXNativeTarget;
			buildConfigurationList = 0CDC987525EB0B9100B4AAD6 /* Build configuration list for PBXNativeTarget "ClearScoreUITests" */;
			buildPhases = (
				0CDC986225EB0B9100B4AAD6 /* Sources */,
				0CDC986325EB0B9100B4AAD6 /* Frameworks */,
				0CDC986425EB0B9100B4AAD6 /* Resources */,
			);
			buildRules = (
			);
			dependencies = (
				0CDC986825EB0B9100B4AAD6 /* PBXTargetDependency */,
			);
			name = ClearScoreUITests;
			productName = ClearScoreUITests;
			productReference = 0CDC986625EB0B9100B4AAD6 /* ClearScoreUITests.xctest */;
			productType = "com.apple.product-type.bundle.ui-testing";
		};
/* End PBXNativeTarget section */

/* Begin PBXProject section */
		0CDC983D25EB0B8F00B4AAD6 /* Project object */ = {
			isa = PBXProject;
			attributes = {
				LastSwiftUpdateCheck = 1230;
				LastUpgradeCheck = 1230;
				TargetAttributes = {
					0CDC984425EB0B8F00B4AAD6 = {
						CreatedOnToolsVersion = 12.3;
					};
					0CDC985A25EB0B9100B4AAD6 = {
						CreatedOnToolsVersion = 12.3;
						TestTargetID = 0CDC984425EB0B8F00B4AAD6;
					};
					0CDC986525EB0B9100B4AAD6 = {
						CreatedOnToolsVersion = 12.3;
						TestTargetID = 0CDC984425EB0B8F00B4AAD6;
					};
				};
			};
			buildConfigurationList = 0CDC984025EB0B8F00B4AAD6 /* Build configuration list for PBXProject "ClearScore" */;
			compatibilityVersion = "Xcode 9.3";
			developmentRegion = en;
			hasScannedForEncodings = 0;
			knownRegions = (
				en,
				Base,
			);
			mainGroup = 0CDC983C25EB0B8F00B4AAD6;
			productRefGroup = 0CDC984625EB0B8F00B4AAD6 /* Products */;
			projectDirPath = "";
			projectRoot = "";
			targets = (
				0CDC984425EB0B8F00B4AAD6 /* ClearScore */,
				0CDC985A25EB0B9100B4AAD6 /* ClearScoreTests */,
				0CDC986525EB0B9100B4AAD6 /* ClearScoreUITests */,
			);
		};
/* End PBXProject section */

/* Begin PBXResourcesBuildPhase section */
		0CDC984325EB0B8F00B4AAD6 /* Resources */ = {
			isa = PBXResourcesBuildPhase;
			buildActionMask = 2147483647;
			files = (
				0CDC985525EB0B9100B4AAD6 /* LaunchScreen.storyboard in Resources */,
				0CDC985225EB0B9100B4AAD6 /* Preview Assets.xcassets in Resources */,
				0CDC984F25EB0B9100B4AAD6 /* Assets.xcassets in Resources */,
			);
			runOnlyForDeploymentPostprocessing = 0;
		};
		0CDC985925EB0B9100B4AAD6 /* Resources */ = {
			isa = PBXResourcesBuildPhase;
			buildActionMask = 2147483647;
			files = (
				0C04A88B25ED30DA00C6E2A2 /* score.json in Resources */,
			);
			runOnlyForDeploymentPostprocessing = 0;
		};
		0CDC986425EB0B9100B4AAD6 /* Resources */ = {
			isa = PBXResourcesBuildPhase;
			buildActionMask = 2147483647;
			files = (
			);
			runOnlyForDeploymentPostprocessing = 0;
		};
/* End PBXResourcesBuildPhase section */

/* Begin PBXSourcesBuildPhase section */
		0CDC984125EB0B8F00B4AAD6 /* Sources */ = {
			isa = PBXSourcesBuildPhase;
			buildActionMask = 2147483647;
			files = (
				0CDC98A225EBD48500B4AAD6 /* EndpointType.swift in Sources */,
				0CDC989425EBD43000B4AAD6 /* CSConstant.swift in Sources */,
				0CDC988E25EBD40500B4AAD6 /* NetworkManager.swift in Sources */,
				0CDC984925EB0B8F00B4AAD6 /* AppDelegate.swift in Sources */,
				0CDC988625EBD3AF00B4AAD6 /* CSViewModel.swift in Sources */,
				0C04A87525ED259400C6E2A2 /* CSDetailsView.swift in Sources */,
				0CDC98A325EBD48500B4AAD6 /* CreditScoreAPI.swift in Sources */,
				0CDC98AA25EBD4A000B4AAD6 /* ResponseDecoder.swift in Sources */,
				0C04A8B625ED470100C6E2A2 /* CSDonutProgressView.swift in Sources */,
				0CDC98CC25EBFC0000B4AAD6 /* SceneDelegate.swift in Sources */,
				0C04A87025ED221100C6E2A2 /* CSDonutView.swift in Sources */,
				0CDC98BB25EBD81000B4AAD6 /* CSTypes.swift in Sources */,
				0CDC98B025EBD58800B4AAD6 /* CSReport.swift in Sources */,
				0CDC984D25EB0B8F00B4AAD6 /* CSDashboardView.swift in Sources */,
			);
			runOnlyForDeploymentPostprocessing = 0;
		};
		0CDC985725EB0B9100B4AAD6 /* Sources */ = {
			isa = PBXSourcesBuildPhase;
			buildActionMask = 2147483647;
			files = (
				0C04A88525ED2C4D00C6E2A2 /* ScoreReportDataTest.swift in Sources */,
				0CDC986025EB0B9100B4AAD6 /* ClearScoreTests.swift in Sources */,
			);
			runOnlyForDeploymentPostprocessing = 0;
		};
		0CDC986225EB0B9100B4AAD6 /* Sources */ = {
			isa = PBXSourcesBuildPhase;
			buildActionMask = 2147483647;
			files = (
				0CDC986B25EB0B9100B4AAD6 /* ClearScoreUITests.swift in Sources */,
			);
			runOnlyForDeploymentPostprocessing = 0;
		};
/* End PBXSourcesBuildPhase section */

/* Begin PBXTargetDependency section */
		0CDC985D25EB0B9100B4AAD6 /* PBXTargetDependency */ = {
			isa = PBXTargetDependency;
			target = 0CDC984425EB0B8F00B4AAD6 /* ClearScore */;
			targetProxy = 0CDC985C25EB0B9100B4AAD6 /* PBXContainerItemProxy */;
		};
		0CDC986825EB0B9100B4AAD6 /* PBXTargetDependency */ = {
			isa = PBXTargetDependency;
			target = 0CDC984425EB0B8F00B4AAD6 /* ClearScore */;
			targetProxy = 0CDC986725EB0B9100B4AAD6 /* PBXContainerItemProxy */;
		};
/* End PBXTargetDependency section */

/* Begin PBXVariantGroup section */
		0CDC985325EB0B9100B4AAD6 /* LaunchScreen.storyboard */ = {
			isa = PBXVariantGroup;
			children = (
				0CDC985425EB0B9100B4AAD6 /* Base */,
			);
			name = LaunchScreen.storyboard;
			sourceTree = "<group>";
		};
/* End PBXVariantGroup section */

/* Begin XCBuildConfiguration section */
		0CDC986D25EB0B9100B4AAD6 /* Debug */ = {
			isa = XCBuildConfiguration;
			buildSettings = {
				ALWAYS_SEARCH_USER_PATHS = NO;
				CLANG_ANALYZER_NONNULL = YES;
				CLANG_ANALYZER_NUMBER_OBJECT_CONVERSION = YES_AGGRESSIVE;
				CLANG_CXX_LANGUAGE_STANDARD = "gnu++14";
				CLANG_CXX_LIBRARY = "libc++";
				CLANG_ENABLE_MODULES = YES;
				CLANG_ENABLE_OBJC_ARC = YES;
				CLANG_ENABLE_OBJC_WEAK = YES;
				CLANG_WARN_BLOCK_CAPTURE_AUTORELEASING = YES;
				CLANG_WARN_BOOL_CONVERSION = YES;
				CLANG_WARN_COMMA = YES;
				CLANG_WARN_CONSTANT_CONVERSION = YES;
				CLANG_WARN_DEPRECATED_OBJC_IMPLEMENTATIONS = YES;
				CLANG_WARN_DIRECT_OBJC_ISA_USAGE = YES_ERROR;
				CLANG_WARN_DOCUMENTATION_COMMENTS = YES;
				CLANG_WARN_EMPTY_BODY = YES;
				CLANG_WARN_ENUM_CONVERSION = YES;
				CLANG_WARN_INFINITE_RECURSION = YES;
				CLANG_WARN_INT_CONVERSION = YES;
				CLANG_WARN_NON_LITERAL_NULL_CONVERSION = YES;
				CLANG_WARN_OBJC_IMPLICIT_RETAIN_SELF = YES;
				CLANG_WARN_OBJC_LITERAL_CONVERSION = YES;
				CLANG_WARN_OBJC_ROOT_CLASS = YES_ERROR;
				CLANG_WARN_QUOTED_INCLUDE_IN_FRAMEWORK_HEADER = YES;
				CLANG_WARN_RANGE_LOOP_ANALYSIS = YES;
				CLANG_WARN_STRICT_PROTOTYPES = YES;
				CLANG_WARN_SUSPICIOUS_MOVE = YES;
				CLANG_WARN_UNGUARDED_AVAILABILITY = YES_AGGRESSIVE;
				CLANG_WARN_UNREACHABLE_CODE = YES;
				CLANG_WARN__DUPLICATE_METHOD_MATCH = YES;
				COPY_PHASE_STRIP = NO;
				DEBUG_INFORMATION_FORMAT = dwarf;
				ENABLE_STRICT_OBJC_MSGSEND = YES;
				ENABLE_TESTABILITY = YES;
				GCC_C_LANGUAGE_STANDARD = gnu11;
				GCC_DYNAMIC_NO_PIC = NO;
				GCC_NO_COMMON_BLOCKS = YES;
				GCC_OPTIMIZATION_LEVEL = 0;
				GCC_PREPROCESSOR_DEFINITIONS = (
					"DEBUG=1",
					"$(inherited)",
				);
				GCC_WARN_64_TO_32_BIT_CONVERSION = YES;
				GCC_WARN_ABOUT_RETURN_TYPE = YES_ERROR;
				GCC_WARN_UNDECLARED_SELECTOR = YES;
				GCC_WARN_UNINITIALIZED_AUTOS = YES_AGGRESSIVE;
				GCC_WARN_UNUSED_FUNCTION = YES;
				GCC_WARN_UNUSED_VARIABLE = YES;
				IPHONEOS_DEPLOYMENT_TARGET = 14.3;
				MTL_ENABLE_DEBUG_INFO = INCLUDE_SOURCE;
				MTL_FAST_MATH = YES;
				ONLY_ACTIVE_ARCH = YES;
				SDKROOT = iphoneos;
				SWIFT_ACTIVE_COMPILATION_CONDITIONS = DEBUG;
				SWIFT_OPTIMIZATION_LEVEL = "-Onone";
			};
			name = Debug;
		};
		0CDC986E25EB0B9100B4AAD6 /* Release */ = {
			isa = XCBuildConfiguration;
			buildSettings = {
				ALWAYS_SEARCH_USER_PATHS = NO;
				CLANG_ANALYZER_NONNULL = YES;
				CLANG_ANALYZER_NUMBER_OBJECT_CONVERSION = YES_AGGRESSIVE;
				CLANG_CXX_LANGUAGE_STANDARD = "gnu++14";
				CLANG_CXX_LIBRARY = "libc++";
				CLANG_ENABLE_MODULES = YES;
				CLANG_ENABLE_OBJC_ARC = YES;
				CLANG_ENABLE_OBJC_WEAK = YES;
				CLANG_WARN_BLOCK_CAPTURE_AUTORELEASING = YES;
				CLANG_WARN_BOOL_CONVERSION = YES;
				CLANG_WARN_COMMA = YES;
				CLANG_WARN_CONSTANT_CONVERSION = YES;
				CLANG_WARN_DEPRECATED_OBJC_IMPLEMENTATIONS = YES;
				CLANG_WARN_DIRECT_OBJC_ISA_USAGE = YES_ERROR;
				CLANG_WARN_DOCUMENTATION_COMMENTS = YES;
				CLANG_WARN_EMPTY_BODY = YES;
				CLANG_WARN_ENUM_CONVERSION = YES;
				CLANG_WARN_INFINITE_RECURSION = YES;
				CLANG_WARN_INT_CONVERSION = YES;
				CLANG_WARN_NON_LITERAL_NULL_CONVERSION = YES;
				CLANG_WARN_OBJC_IMPLICIT_RETAIN_SELF = YES;
				CLANG_WARN_OBJC_LITERAL_CONVERSION = YES;
				CLANG_WARN_OBJC_ROOT_CLASS = YES_ERROR;
				CLANG_WARN_QUOTED_INCLUDE_IN_FRAMEWORK_HEADER = YES;
				CLANG_WARN_RANGE_LOOP_ANALYSIS = YES;
				CLANG_WARN_STRICT_PROTOTYPES = YES;
				CLANG_WARN_SUSPICIOUS_MOVE = YES;
				CLANG_WARN_UNGUARDED_AVAILABILITY = YES_AGGRESSIVE;
				CLANG_WARN_UNREACHABLE_CODE = YES;
				CLANG_WARN__DUPLICATE_METHOD_MATCH = YES;
				COPY_PHASE_STRIP = NO;
				DEBUG_INFORMATION_FORMAT = "dwarf-with-dsym";
				ENABLE_NS_ASSERTIONS = NO;
				ENABLE_STRICT_OBJC_MSGSEND = YES;
				GCC_C_LANGUAGE_STANDARD = gnu11;
				GCC_NO_COMMON_BLOCKS = YES;
				GCC_WARN_64_TO_32_BIT_CONVERSION = YES;
				GCC_WARN_ABOUT_RETURN_TYPE = YES_ERROR;
				GCC_WARN_UNDECLARED_SELECTOR = YES;
				GCC_WARN_UNINITIALIZED_AUTOS = YES_AGGRESSIVE;
				GCC_WARN_UNUSED_FUNCTION = YES;
				GCC_WARN_UNUSED_VARIABLE = YES;
				IPHONEOS_DEPLOYMENT_TARGET = 14.3;
				MTL_ENABLE_DEBUG_INFO = NO;
				MTL_FAST_MATH = YES;
				SDKROOT = iphoneos;
				SWIFT_COMPILATION_MODE = wholemodule;
				SWIFT_OPTIMIZATION_LEVEL = "-O";
				VALIDATE_PRODUCT = YES;
			};
			name = Release;
		};
		0CDC987025EB0B9100B4AAD6 /* Debug */ = {
			isa = XCBuildConfiguration;
			buildSettings = {
				ASSETCATALOG_COMPILER_APPICON_NAME = AppIcon;
				ASSETCATALOG_COMPILER_GLOBAL_ACCENT_COLOR_NAME = AccentColor;
				CODE_SIGN_IDENTITY = "Apple Development";
				CODE_SIGN_STYLE = Automatic;
				DEVELOPMENT_ASSET_PATHS = "\"ClearScore/Preview Content\"";
				DEVELOPMENT_TEAM = UD89ZR6LZW;
				ENABLE_PREVIEWS = YES;
				INFOPLIST_FILE = ClearScore/Info.plist;
				IPHONEOS_DEPLOYMENT_TARGET = 14.0;
				LD_RUNPATH_SEARCH_PATHS = (
					"$(inherited)",
					"@executable_path/Frameworks",
				);
				PRODUCT_BUNDLE_IDENTIFIER = com.mc.ClearScore;
				PRODUCT_NAME = "$(TARGET_NAME)";
				PROVISIONING_PROFILE_SPECIFIER = "";
				SWIFT_VERSION = 5.0;
				TARGETED_DEVICE_FAMILY = 1;
			};
			name = Debug;
		};
		0CDC987125EB0B9100B4AAD6 /* Release */ = {
			isa = XCBuildConfiguration;
			buildSettings = {
				ASSETCATALOG_COMPILER_APPICON_NAME = AppIcon;
				ASSETCATALOG_COMPILER_GLOBAL_ACCENT_COLOR_NAME = AccentColor;
				CODE_SIGN_IDENTITY = "Apple Development";
				CODE_SIGN_STYLE = Automatic;
				DEVELOPMENT_ASSET_PATHS = "\"ClearScore/Preview Content\"";
				DEVELOPMENT_TEAM = UD89ZR6LZW;
				ENABLE_PREVIEWS = YES;
				INFOPLIST_FILE = ClearScore/Info.plist;
				IPHONEOS_DEPLOYMENT_TARGET = 14.0;
				LD_RUNPATH_SEARCH_PATHS = (
					"$(inherited)",
					"@executable_path/Frameworks",
				);
				PRODUCT_BUNDLE_IDENTIFIER = com.mc.ClearScore;
				PRODUCT_NAME = "$(TARGET_NAME)";
				PROVISIONING_PROFILE_SPECIFIER = "";
				SWIFT_VERSION = 5.0;
				TARGETED_DEVICE_FAMILY = 1;
			};
			name = Release;
		};
		0CDC987325EB0B9100B4AAD6 /* Debug */ = {
			isa = XCBuildConfiguration;
			buildSettings = {
				ALWAYS_EMBED_SWIFT_STANDARD_LIBRARIES = YES;
				BUNDLE_LOADER = "$(TEST_HOST)";
				CODE_SIGN_STYLE = Automatic;
				INFOPLIST_FILE = ClearScoreTests/Info.plist;
				IPHONEOS_DEPLOYMENT_TARGET = 14.3;
				LD_RUNPATH_SEARCH_PATHS = (
					"$(inherited)",
					"@executable_path/Frameworks",
					"@loader_path/Frameworks",
				);
				PRODUCT_BUNDLE_IDENTIFIER = com.uc.ClearScoreTests;
				PRODUCT_NAME = "$(TARGET_NAME)";
				SWIFT_VERSION = 5.0;
				TARGETED_DEVICE_FAMILY = "1,2";
				TEST_HOST = "$(BUILT_PRODUCTS_DIR)/ClearScore.app/ClearScore";
			};
			name = Debug;
		};
		0CDC987425EB0B9100B4AAD6 /* Release */ = {
			isa = XCBuildConfiguration;
			buildSettings = {
				ALWAYS_EMBED_SWIFT_STANDARD_LIBRARIES = YES;
				BUNDLE_LOADER = "$(TEST_HOST)";
				CODE_SIGN_STYLE = Automatic;
				INFOPLIST_FILE = ClearScoreTests/Info.plist;
				IPHONEOS_DEPLOYMENT_TARGET = 14.3;
				LD_RUNPATH_SEARCH_PATHS = (
					"$(inherited)",
					"@executable_path/Frameworks",
					"@loader_path/Frameworks",
				);
				PRODUCT_BUNDLE_IDENTIFIER = com.uc.ClearScoreTests;
				PRODUCT_NAME = "$(TARGET_NAME)";
				SWIFT_VERSION = 5.0;
				TARGETED_DEVICE_FAMILY = "1,2";
				TEST_HOST = "$(BUILT_PRODUCTS_DIR)/ClearScore.app/ClearScore";
			};
			name = Release;
		};
		0CDC987625EB0B9100B4AAD6 /* Debug */ = {
			isa = XCBuildConfiguration;
			buildSettings = {
				ALWAYS_EMBED_SWIFT_STANDARD_LIBRARIES = YES;
				CODE_SIGN_STYLE = Automatic;
				INFOPLIST_FILE = ClearScoreUITests/Info.plist;
				LD_RUNPATH_SEARCH_PATHS = (
					"$(inherited)",
					"@executable_path/Frameworks",
					"@loader_path/Frameworks",
				);
				PRODUCT_BUNDLE_IDENTIFIER = com.uc.ClearScoreUITests;
				PRODUCT_NAME = "$(TARGET_NAME)";
				SWIFT_VERSION = 5.0;
				TARGETED_DEVICE_FAMILY = "1,2";
				TEST_TARGET_NAME = ClearScore;
			};
			name = Debug;
		};
		0CDC987725EB0B9100B4AAD6 /* Release */ = {
			isa = XCBuildConfiguration;
			buildSettings = {
				ALWAYS_EMBED_SWIFT_STANDARD_LIBRARIES = YES;
				CODE_SIGN_STYLE = Automatic;
				INFOPLIST_FILE = ClearScoreUITests/Info.plist;
				LD_RUNPATH_SEARCH_PATHS = (
					"$(inherited)",
					"@executable_path/Frameworks",
					"@loader_path/Frameworks",
				);
				PRODUCT_BUNDLE_IDENTIFIER = com.uc.ClearScoreUITests;
				PRODUCT_NAME = "$(TARGET_NAME)";
				SWIFT_VERSION = 5.0;
				TARGETED_DEVICE_FAMILY = "1,2";
				TEST_TARGET_NAME = ClearScore;
			};
			name = Release;
		};
/* End XCBuildConfiguration section */

/* Begin XCConfigurationList section */
		0CDC984025EB0B8F00B4AAD6 /* Build configuration list for PBXProject "ClearScore" */ = {
			isa = XCConfigurationList;
			buildConfigurations = (
				0CDC986D25EB0B9100B4AAD6 /* Debug */,
				0CDC986E25EB0B9100B4AAD6 /* Release */,
			);
			defaultConfigurationIsVisible = 0;
			defaultConfigurationName = Release;
		};
		0CDC986F25EB0B9100B4AAD6 /* Build configuration list for PBXNativeTarget "ClearScore" */ = {
			isa = XCConfigurationList;
			buildConfigurations = (
				0CDC987025EB0B9100B4AAD6 /* Debug */,
				0CDC987125EB0B9100B4AAD6 /* Release */,
			);
			defaultConfigurationIsVisible = 0;
			defaultConfigurationName = Release;
		};
		0CDC987225EB0B9100B4AAD6 /* Build configuration list for PBXNativeTarget "ClearScoreTests" */ = {
			isa = XCConfigurationList;
			buildConfigurations = (
				0CDC987325EB0B9100B4AAD6 /* Debug */,
				0CDC987425EB0B9100B4AAD6 /* Release */,
			);
			defaultConfigurationIsVisible = 0;
			defaultConfigurationName = Release;
		};
		0CDC987525EB0B9100B4AAD6 /* Build configuration list for PBXNativeTarget "ClearScoreUITests" */ = {
			isa = XCConfigurationList;
			buildConfigurations = (
				0CDC987625EB0B9100B4AAD6 /* Debug */,
				0CDC987725EB0B9100B4AAD6 /* Release */,
			);
			defaultConfigurationIsVisible = 0;
			defaultConfigurationName = Release;
		};
/* End XCConfigurationList section */
	};
	rootObject = 0CDC983D25EB0B8F00B4AAD6 /* Project object */;
}
